<Solution>
  <Folder Name="/src/" />
  <Folder Name="/tests/" />
  <Folder Name="/tests/integration/">
    <Project Path="tests/integration/IntegrationTesting.csproj" />
  </Folder>
  <Folder Name="/tests/unit/">
    <Project Path="tests/unit/UnitTesting.csproj" />
  </Folder>
  
  <Project Path="src\script.csproj" />
</Solution>
